
Microsoft Visual Studio Solution File, Format Version 12.00
# Visual Studio 15
VisualStudioVersion = 15.0.28307.2017
MinimumVisualStudioVersion = 10.0.40219.1
Project("{FAE04EC0-301F-11D3-BF4B-00C04F79EFBC}") = "TCPGameServer", "TCPGameServer.csproj", "{A75E064D-F2A4-411C-AC67-711D9981499F}"
EndProject
Global
	GlobalSection(SolutionConfigurationPlatforms) = preSolution
		Debug|Any CPU = Debug|Any CPU
		Release|Any CPU = Release|Any CPU
	EndGlobalSection
	GlobalSection(ProjectConfigurationPlatforms) = postSolution
		{A75E064D-F2A4-411C-AC67-711D9981499F}.Debug|Any CPU.ActiveCfg = Debug|Any CPU
		{A75E064D-F2A4-411C-AC67-711D9981499F}.Debug|Any CPU.Build.0 = Debug|Any CPU
		{A75E064D-F2A4-411C-AC67-711D9981499F}.Release|Any CPU.ActiveCfg = Release|Any CPU
		{A75E064D-F2A4-411C-AC67-711D9981499F}.Release|Any CPU.Build.0 = Release|Any CPU
	EndGlobalSection
	GlobalSection(SolutionProperties) = preSolution
		HideSolutionNode = FALSE
	EndGlobalSection
	GlobalSection(ExtensibilityGlobals) = postSolution
		SolutionGuid = {341CFA71-6DB3-4E4D-A66B-DF1E0DE2CF1B}
	EndGlobalSection
EndGlobal
